
Microsoft Visual Studio Solution File, Format Version 12.00
# Visual Studio Version 17
VisualStudioVersion = 17.14.36623.8 d17.14
MinimumVisualStudioVersion = 10.0.40219.1
Project("{FAE04EC0-301F-11D3-BF4B-00C04F79EFBC}") = "MotoRepuestosCR", "MotoRepuestosCR.csproj", "{B0CCC593-D7D2-4E2B-AEA6-A3DB6B058357}"
EndProject
Global
	GlobalSection(SolutionConfigurationPlatforms) = preSolution
		Debug|Any CPU = Debug|Any CPU
		Release|Any CPU = Release|Any CPU
	EndGlobalSection
	GlobalSection(ProjectConfigurationPlatforms) = postSolution
		{B0CCC593-D7D2-4E2B-AEA6-A3DB6B058357}.Debug|Any CPU.ActiveCfg = Debug|Any CPU
		{B0CCC593-D7D2-4E2B-AEA6-A3DB6B058357}.Debug|Any CPU.Build.0 = Debug|Any CPU
		{B0CCC593-D7D2-4E2B-AEA6-A3DB6B058357}.Release|Any CPU.ActiveCfg = Release|Any CPU
		{B0CCC593-D7D2-4E2B-AEA6-A3DB6B058357}.Release|Any CPU.Build.0 = Release|Any CPU
	EndGlobalSection
	GlobalSection(SolutionProperties) = preSolution
		HideSolutionNode = FALSE
	EndGlobalSection
	GlobalSection(ExtensibilityGlobals) = postSolution
		SolutionGuid = {056F9A13-2499-4194-BC1C-42A018B0FE8E}
	EndGlobalSection
EndGlobal
